
Microsoft Visual Studio Solution File, Format Version 12.00
# Visual Studio 15
VisualStudioVersion = 15.0.27428.2027
MinimumVisualStudioVersion = 10.0.40219.1
Project("{8BC9CEB8-8B4A-11D0-8D11-00A0C91BC942}") = "L04E6", "L04E6.vcxproj", "{54196E31-51FC-4968-8DD2-C0A16B564E30}"
EndProject
Global
	GlobalSection(SolutionConfigurationPlatforms) = preSolution
		Debug|x64 = Debug|x64
		Debug|x86 = Debug|x86
		Release|x64 = Release|x64
		Release|x86 = Release|x86
	EndGlobalSection
	GlobalSection(ProjectConfigurationPlatforms) = postSolution
		{54196E31-51FC-4968-8DD2-C0A16B564E30}.Debug|x64.ActiveCfg = Debug|x64
		{54196E31-51FC-4968-8DD2-C0A16B564E30}.Debug|x64.Build.0 = Debug|x64
		{54196E31-51FC-4968-8DD2-C0A16B564E30}.Debug|x86.ActiveCfg = Debug|Win32
		{54196E31-51FC-4968-8DD2-C0A16B564E30}.Debug|x86.Build.0 = Debug|Win32
		{54196E31-51FC-4968-8DD2-C0A16B564E30}.Release|x64.ActiveCfg = Release|x64
		{54196E31-51FC-4968-8DD2-C0A16B564E30}.Release|x64.Build.0 = Release|x64
		{54196E31-51FC-4968-8DD2-C0A16B564E30}.Release|x86.ActiveCfg = Release|Win32
		{54196E31-51FC-4968-8DD2-C0A16B564E30}.Release|x86.Build.0 = Release|Win32
	EndGlobalSection
	GlobalSection(SolutionProperties) = preSolution
		HideSolutionNode = FALSE
	EndGlobalSection
	GlobalSection(ExtensibilityGlobals) = postSolution
		SolutionGuid = {6D52E7D9-36EA-4048-9B3E-E9E705819165}
	EndGlobalSection
EndGlobal
